
Microsoft Visual Studio Solution File, Format Version 12.00
# Visual Studio Version 17
VisualStudioVersion = 17.14.36603.0
MinimumVisualStudioVersion = 10.0.40219.1
Project("{8BC9CEB8-8B4A-11D0-8D11-00A0C91BC942}") = "compute_seam_carving", "seam_carving\compute_seam_carving.vcxproj", "{D2699ECF-B38C-451C-93F6-715ECE11C74B}"
EndProject
Project("{2150E333-8FDC-42A3-9474-1A3956D46DE8}") = "thirdparty", "thirdparty", "{02EA681E-C7D8-13C7-8484-4AC65E1B71E8}"
EndProject
Project("{8BC9CEB8-8B4A-11D0-8D11-00A0C91BC942}") = "glad", "thirdparty\glad\glad.vcxproj", "{1210D960-E318-4DB7-BC30-ED4486265DA5}"
EndProject
Project("{8BC9CEB8-8B4A-11D0-8D11-00A0C91BC942}") = "glfw", "thirdparty\glfw\glfw.vcxproj", "{1BF37984-EC0D-4FA8-8F35-C6FF694F64EC}"
EndProject
Project("{8BC9CEB8-8B4A-11D0-8D11-00A0C91BC942}") = "imgui", "thirdparty\imgui\imgui.vcxproj", "{365A73FC-3C03-436D-B77E-D6A9B6204DDB}"
EndProject
Global
	GlobalSection(SolutionConfigurationPlatforms) = preSolution
		Debug|x64 = Debug|x64
		Release|x64 = Release|x64
	EndGlobalSection
	GlobalSection(ProjectConfigurationPlatforms) = postSolution
		{D2699ECF-B38C-451C-93F6-715ECE11C74B}.Debug|x64.ActiveCfg = Debug|x64
		{D2699ECF-B38C-451C-93F6-715ECE11C74B}.Debug|x64.Build.0 = Debug|x64
		{D2699ECF-B38C-451C-93F6-715ECE11C74B}.Release|x64.ActiveCfg = Release|x64
		{D2699ECF-B38C-451C-93F6-715ECE11C74B}.Release|x64.Build.0 = Release|x64
		{1210D960-E318-4DB7-BC30-ED4486265DA5}.Debug|x64.ActiveCfg = Debug|x64
		{1210D960-E318-4DB7-BC30-ED4486265DA5}.Debug|x64.Build.0 = Debug|x64
		{1210D960-E318-4DB7-BC30-ED4486265DA5}.Release|x64.ActiveCfg = Release|x64
		{1210D960-E318-4DB7-BC30-ED4486265DA5}.Release|x64.Build.0 = Release|x64
		{1BF37984-EC0D-4FA8-8F35-C6FF694F64EC}.Debug|x64.ActiveCfg = Debug|x64
		{1BF37984-EC0D-4FA8-8F35-C6FF694F64EC}.Debug|x64.Build.0 = Debug|x64
		{1BF37984-EC0D-4FA8-8F35-C6FF694F64EC}.Release|x64.ActiveCfg = Release|x64
		{1BF37984-EC0D-4FA8-8F35-C6FF694F64EC}.Release|x64.Build.0 = Release|x64
		{365A73FC-3C03-436D-B77E-D6A9B6204DDB}.Debug|x64.ActiveCfg = Debug|x64
		{365A73FC-3C03-436D-B77E-D6A9B6204DDB}.Debug|x64.Build.0 = Debug|x64
		{365A73FC-3C03-436D-B77E-D6A9B6204DDB}.Release|x64.ActiveCfg = Release|x64
		{365A73FC-3C03-436D-B77E-D6A9B6204DDB}.Release|x64.Build.0 = Release|x64
	EndGlobalSection
	GlobalSection(SolutionProperties) = preSolution
		HideSolutionNode = FALSE
	EndGlobalSection
	GlobalSection(NestedProjects) = preSolution
		{1210D960-E318-4DB7-BC30-ED4486265DA5} = {02EA681E-C7D8-13C7-8484-4AC65E1B71E8}
		{1BF37984-EC0D-4FA8-8F35-C6FF694F64EC} = {02EA681E-C7D8-13C7-8484-4AC65E1B71E8}
		{365A73FC-3C03-436D-B77E-D6A9B6204DDB} = {02EA681E-C7D8-13C7-8484-4AC65E1B71E8}
	EndGlobalSection
	GlobalSection(ExtensibilityGlobals) = postSolution
		SolutionGuid = {F09BAE2D-B757-4F77-AEF1-3EC4921A7E3A}
	EndGlobalSection
EndGlobal
